// !$*UTF8*$!
{
	archiveVersion = 1;
	classes = {
	};
	objectVersion = 51;
	objects = {

/* Begin PBXBuildFile section */
		C4B75FDC69F69F4FB50347A3 /* Pods_signit.framework in Frameworks */ = {isa = PBXBuildFile; fileRef = 8EA2C69360C3FDC75851A01C /* Pods_signit.framework */; };
		EC4224E026A688F1009A9E11 /* AppDelegate.swift in Sources */ = {isa = PBXBuildFile; fileRef = EC4224DF26A688F1009A9E11 /* AppDelegate.swift */; };
		EC4224E226A688F1009A9E11 /* SceneDelegate.swift in Sources */ = {isa = PBXBuildFile; fileRef = EC4224E126A688F1009A9E11 /* SceneDelegate.swift */; };
		EC4224E426A688F1009A9E11 /* ViewController.swift in Sources */ = {isa = PBXBuildFile; fileRef = EC4224E326A688F1009A9E11 /* ViewController.swift */; };
		EC4224E726A688F1009A9E11 /* Main.storyboard in Resources */ = {isa = PBXBuildFile; fileRef = EC4224E526A688F1009A9E11 /* Main.storyboard */; };
		EC4224E926A688F2009A9E11 /* Assets.xcassets in Resources */ = {isa = PBXBuildFile; fileRef = EC4224E826A688F2009A9E11 /* Assets.xcassets */; };
		EC4224EC26A688F2009A9E11 /* LaunchScreen.storyboard in Resources */ = {isa = PBXBuildFile; fileRef = EC4224EA26A688F2009A9E11 /* LaunchScreen.storyboard */; };
/* End PBXBuildFile section */

/* Begin PBXFileReference section */
		36482348FE293A0F5BEC310D /* Pods-signit.release.xcconfig */ = {isa = PBXFileReference; includeInIndex = 1; lastKnownFileType = text.xcconfig; name = "Pods-signit.release.xcconfig"; path = "Target Support Files/Pods-signit/Pods-signit.release.xcconfig"; sourceTree = "<group>"; };
		8EA2C69360C3FDC75851A01C /* Pods_signit.framework */ = {isa = PBXFileReference; explicitFileType = wrapper.framework; includeInIndex = 0; path = Pods_signit.framework; sourceTree = BUILT_PRODUCTS_DIR; };
		A0304BBE2455330E9B491A24 /* Pods-signit.debug.xcconfig */ = {isa = PBXFileReference; includeInIndex = 1; lastKnownFileType = text.xcconfig; name = "Pods-signit.debug.xcconfig"; path = "Target Support Files/Pods-signit/Pods-signit.debug.xcconfig"; sourceTree = "<group>"; };
		EC4224DC26A688F1009A9E11 /* signit.app */ = {isa = PBXFileReference; explicitFileType = wrapper.application; includeInIndex = 0; path = signit.app; sourceTree = BUILT_PRODUCTS_DIR; };
		EC4224DF26A688F1009A9E11 /* AppDelegate.swift */ = {isa = PBXFileReference; lastKnownFileType = sourcecode.swift; path = AppDelegate.swift; sourceTree = "<group>"; };
		EC4224E126A688F1009A9E11 /* SceneDelegate.swift */ = {isa = PBXFileReference; lastKnownFileType = sourcecode.swift; path = SceneDelegate.swift; sourceTree = "<group>"; };
		EC4224E326A688F1009A9E11 /* ViewController.swift */ = {isa = PBXFileReference; lastKnownFileType = sourcecode.swift; path = ViewController.swift; sourceTree = "<group>"; };
		EC4224E626A688F1009A9E11 /* Base */ = {isa = PBXFileReference; lastKnownFileType = file.storyboard; name = Base; path = Base.lproj/Main.storyboard; sourceTree = "<group>"; };
		EC4224E826A688F2009A9E11 /* Assets.xcassets */ = {isa = PBXFileReference; lastKnownFileType = folder.assetcatalog; path = Assets.xcassets; sourceTree = "<group>"; };
		EC4224EB26A688F2009A9E11 /* Base */ = {isa = PBXFileReference; lastKnownFileType = file.storyboard; name = Base; path = Base.lproj/LaunchScreen.storyboard; sourceTree = "<group>"; };
		EC4224ED26A688F2009A9E11 /* Info.plist */ = {isa = PBXFileReference; lastKnownFileType = text.plist.xml; path = Info.plist; sourceTree = "<group>"; };
/* End PBXFileReference section */

/* Begin PBXFrameworksBuildPhase section */
		EC4224D926A688F1009A9E11 /* Frameworks */ = {
			isa = PBXFrameworksBuildPhase;
			buildActionMask = 2147483647;
			files = (
				C4B75FDC69F69F4FB50347A3 /* Pods_signit.framework in Frameworks */,
			);
			runOnlyForDeploymentPostprocessing = 0;
		};
/* End PBXFrameworksBuildPhase section */

/* Begin PBXGroup section */
		ABF0F609D408C9D2C46332EF /* Frameworks */ = {
			isa = PBXGroup;
			children = (
				8EA2C69360C3FDC75851A01C /* Pods_signit.framework */,
			);
			name = Frameworks;
			sourceTree = "<group>";
		};
		EC4224D326A688F1009A9E11 = {
			isa = PBXGroup;
			children = (
				EC4224DE26A688F1009A9E11 /* signit */,
				EC4224DD26A688F1009A9E11 /* Products */,
				EDCE9D1A47BEB773AE58B6CA /* Pods */,
				ABF0F609D408C9D2C46332EF /* Frameworks */,
			);
			sourceTree = "<group>";
		};
		EC4224DD26A688F1009A9E11 /* Products */ = {
			isa = PBXGroup;
			children = (
				EC4224DC26A688F1009A9E11 /* signit.app */,
			);
			name = Products;
			sourceTree = "<group>";
		};
		EC4224DE26A688F1009A9E11 /* signit */ = {
			isa = PBXGroup;
			children = (
				EC4224DF26A688F1009A9E11 /* AppDelegate.swift */,
				EC4224E126A688F1009A9E11 /* SceneDelegate.swift */,
				EC4224E326A688F1009A9E11 /* ViewController.swift */,
				EC4224E526A688F1009A9E11 /* Main.storyboard */,
				EC4224E826A688F2009A9E11 /* Assets.xcassets */,
				EC4224EA26A688F2009A9E11 /* LaunchScreen.storyboard */,
				EC4224ED26A688F2009A9E11 /* Info.plist */,
			);
			path = signit;
			sourceTree = "<group>";
		};
		EDCE9D1A47BEB773AE58B6CA /* Pods */ = {
			isa = PBXGroup;
			children = (
				A0304BBE2455330E9B491A24 /* Pods-signit.debug.xcconfig */,
				36482348FE293A0F5BEC310D /* Pods-signit.release.xcconfig */,
			);
			path = Pods;
			sourceTree = "<group>";
		};
/* End PBXGroup section */

/* Begin PBXNativeTarget section */
		EC4224DB26A688F1009A9E11 /* signit */ = {
			isa = PBXNativeTarget;
			buildConfigurationList = EC4224F026A688F2009A9E11 /* Build configuration list for PBXNativeTarget "signit" */;
			buildPhases = (
				9AAB2BEA65AE6B5059A52716 /* [CP] Check Pods Manifest.lock */,
				EC4224D826A688F1009A9E11 /* Sources */,
				EC4224D926A688F1009A9E11 /* Frameworks */,
				EC4224DA26A688F1009A9E11 /* Resources */,
				9BE13ED17192BD61FCBF953D /* [CP] Embed Pods Frameworks */,
			);
			buildRules = (
			);
			dependencies = (
			);
			name = signit;
			productName = signit;
			productReference = EC4224DC26A688F1009A9E11 /* signit.app */;
			productType = "com.apple.product-type.application";
		};
/* End PBXNativeTarget section */

/* Begin PBXProject section */
		EC4224D426A688F1009A9E11 /* Project object */ = {
			isa = PBXProject;
			attributes = {
				LastSwiftUpdateCheck = 1250;
				LastUpgradeCheck = 1250;
				TargetAttributes = {
					EC4224DB26A688F1009A9E11 = {
						CreatedOnToolsVersion = 12.5;
					};
				};
			};
			buildConfigurationList = EC4224D726A688F1009A9E11 /* Build configuration list for PBXProject "signit" */;
			compatibilityVersion = "Xcode 9.3";
			developmentRegion = en;
			hasScannedForEncodings = 0;
			knownRegions = (
				en,
				Base,
			);
			mainGroup = EC4224D326A688F1009A9E11;
			productRefGroup = EC4224DD26A688F1009A9E11 /* Products */;
			projectDirPath = "";
			projectRoot = "";
			targets = (
				EC4224DB26A688F1009A9E11 /* signit */,
			);
		};
/* End PBXProject section */

/* Begin PBXResourcesBuildPhase section */
		EC4224DA26A688F1009A9E11 /* Resources */ = {
			isa = PBXResourcesBuildPhase;
			buildActionMask = 2147483647;
			files = (
				EC4224EC26A688F2009A9E11 /* LaunchScreen.storyboard in Resources */,
				EC4224E926A688F2009A9E11 /* Assets.xcassets in Resources */,
				EC4224E726A688F1009A9E11 /* Main.storyboard in Resources */,
			);
			runOnlyForDeploymentPostprocessing = 0;
		};
/* End PBXResourcesBuildPhase section */

/* Begin PBXShellScriptBuildPhase section */
		9AAB2BEA65AE6B5059A52716 /* [CP] Check Pods Manifest.lock */ = {
			isa = PBXShellScriptBuildPhase;
			buildActionMask = 2147483647;
			files = (
			);
			inputFileListPaths = (
			);
			inputPaths = (
				"${PODS_PODFILE_DIR_PATH}/Podfile.lock",
				"${PODS_ROOT}/Manifest.lock",
			);
			name = "[CP] Check Pods Manifest.lock";
			outputFileListPaths = (
			);
			outputPaths = (
				"$(DERIVED_FILE_DIR)/Pods-signit-checkManifestLockResult.txt",
			);
			runOnlyForDeploymentPostprocessing = 0;
			shellPath = /bin/sh;
			shellScript = "diff \"${PODS_PODFILE_DIR_PATH}/Podfile.lock\" \"${PODS_ROOT}/Manifest.lock\" > /dev/null\nif [ $? != 0 ] ; then\n    # print error to STDERR\n    echo \"error: The sandbox is not in sync with the Podfile.lock. Run 'pod install' or update your CocoaPods installation.\" >&2\n    exit 1\nfi\n# This output is used by Xcode 'outputs' to avoid re-running this script phase.\necho \"SUCCESS\" > \"${SCRIPT_OUTPUT_FILE_0}\"\n";
			showEnvVarsInLog = 0;
		};
		9BE13ED17192BD61FCBF953D /* [CP] Embed Pods Frameworks */ = {
			isa = PBXShellScriptBuildPhase;
			buildActionMask = 2147483647;
			files = (
			);
			inputFileListPaths = (
				"${PODS_ROOT}/Target Support Files/Pods-signit/Pods-signit-frameworks-${CONFIGURATION}-input-files.xcfilelist",
			);
			name = "[CP] Embed Pods Frameworks";
			outputFileListPaths = (
				"${PODS_ROOT}/Target Support Files/Pods-signit/Pods-signit-frameworks-${CONFIGURATION}-output-files.xcfilelist",
			);
			runOnlyForDeploymentPostprocessing = 0;
			shellPath = /bin/sh;
			shellScript = "\"${PODS_ROOT}/Target Support Files/Pods-signit/Pods-signit-frameworks.sh\"\n";
			showEnvVarsInLog = 0;
		};
/* End PBXShellScriptBuildPhase section */

/* Begin PBXSourcesBuildPhase section */
		EC4224D826A688F1009A9E11 /* Sources */ = {
			isa = PBXSourcesBuildPhase;
			buildActionMask = 2147483647;
			files = (
				EC4224E426A688F1009A9E11 /* ViewController.swift in Sources */,
				EC4224E026A688F1009A9E11 /* AppDelegate.swift in Sources */,
				EC4224E226A688F1009A9E11 /* SceneDelegate.swift in Sources */,
			);
			runOnlyForDeploymentPostprocessing = 0;
		};
/* End PBXSourcesBuildPhase section */

/* Begin PBXVariantGroup section */
		EC4224E526A688F1009A9E11 /* Main.storyboard */ = {
			isa = PBXVariantGroup;
			children = (
				EC4224E626A688F1009A9E11 /* Base */,
			);
			name = Main.storyboard;
			sourceTree = "<group>";
		};
		EC4224EA26A688F2009A9E11 /* LaunchScreen.storyboard */ = {
			isa = PBXVariantGroup;
			children = (
				EC4224EB26A688F2009A9E11 /* Base */,
			);
			name = LaunchScreen.storyboard;
			sourceTree = "<group>";
		};
/* End PBXVariantGroup section */

/* Begin XCBuildConfiguration section */
		EC4224EE26A688F2009A9E11 /* Debug */ = {
			isa = XCBuildConfiguration;
			buildSettings = {
				ALWAYS_SEARCH_USER_PATHS = NO;
				CLANG_ANALYZER_NONNULL = YES;
				CLANG_ANALYZER_NUMBER_OBJECT_CONVERSION = YES_AGGRESSIVE;
				CLANG_CXX_LANGUAGE_STANDARD = "gnu++14";
				CLANG_CXX_LIBRARY = "libc++";
				CLANG_ENABLE_MODULES = YES;
				CLANG_ENABLE_OBJC_ARC = YES;
				CLANG_ENABLE_OBJC_WEAK = YES;
				CLANG_WARN_BLOCK_CAPTURE_AUTORELEASING = YES;
				CLANG_WARN_BOOL_CONVERSION = YES;
				CLANG_WARN_COMMA = YES;
				CLANG_WARN_CONSTANT_CONVERSION = YES;
				CLANG_WARN_DEPRECATED_OBJC_IMPLEMENTATIONS = YES;
				CLANG_WARN_DIRECT_OBJC_ISA_USAGE = YES_ERROR;
				CLANG_WARN_DOCUMENTATION_COMMENTS = YES;
				CLANG_WARN_EMPTY_BODY = YES;
				CLANG_WARN_ENUM_CONVERSION = YES;
				CLANG_WARN_INFINITE_RECURSION = YES;
				CLANG_WARN_INT_CONVERSION = YES;
				CLANG_WARN_NON_LITERAL_NULL_CONVERSION = YES;
				CLANG_WARN_OBJC_IMPLICIT_RETAIN_SELF = YES;
				CLANG_WARN_OBJC_LITERAL_CONVERSION = YES;
				CLANG_WARN_OBJC_ROOT_CLASS = YES_ERROR;
				CLANG_WARN_QUOTED_INCLUDE_IN_FRAMEWORK_HEADER = YES;
				CLANG_WARN_RANGE_LOOP_ANALYSIS = YES;
				CLANG_WARN_STRICT_PROTOTYPES = YES;
				CLANG_WARN_SUSPICIOUS_MOVE = YES;
				CLANG_WARN_UNGUARDED_AVAILABILITY = YES_AGGRESSIVE;
				CLANG_WARN_UNREACHABLE_CODE = YES;
				CLANG_WARN__DUPLICATE_METHOD_MATCH = YES;
				COPY_PHASE_STRIP = NO;
				DEBUG_INFORMATION_FORMAT = dwarf;
				ENABLE_STRICT_OBJC_MSGSEND = YES;
				ENABLE_TESTABILITY = YES;
				GCC_C_LANGUAGE_STANDARD = gnu11;
				GCC_DYNAMIC_NO_PIC = NO;
				GCC_NO_COMMON_BLOCKS = YES;
				GCC_OPTIMIZATION_LEVEL = 0;
				GCC_PREPROCESSOR_DEFINITIONS = (
					"DEBUG=1",
					"$(inherited)",
				);
				GCC_WARN_64_TO_32_BIT_CONVERSION = YES;
				GCC_WARN_ABOUT_RETURN_TYPE = YES_ERROR;
				GCC_WARN_UNDECLARED_SELECTOR = YES;
				GCC_WARN_UNINITIALIZED_AUTOS = YES_AGGRESSIVE;
				GCC_WARN_UNUSED_FUNCTION = YES;
				GCC_WARN_UNUSED_VARIABLE = YES;
				IPHONEOS_DEPLOYMENT_TARGET = 14.5;
				MTL_ENABLE_DEBUG_INFO = INCLUDE_SOURCE;
				MTL_FAST_MATH = YES;
				ONLY_ACTIVE_ARCH = YES;
				SDKROOT = iphoneos;
				SWIFT_ACTIVE_COMPILATION_CONDITIONS = DEBUG;
				SWIFT_OPTIMIZATION_LEVEL = "-Onone";
			};
			name = Debug;
		};
		EC4224EF26A688F2009A9E11 /* Release */ = {
			isa = XCBuildConfiguration;
			buildSettings = {
				ALWAYS_SEARCH_USER_PATHS = NO;
				CLANG_ANALYZER_NONNULL = YES;
				CLANG_ANALYZER_NUMBER_OBJECT_CONVERSION = YES_AGGRESSIVE;
				CLANG_CXX_LANGUAGE_STANDARD = "gnu++14";
				CLANG_CXX_LIBRARY = "libc++";
				CLANG_ENABLE_MODULES = YES;
				CLANG_ENABLE_OBJC_ARC = YES;
				CLANG_ENABLE_OBJC_WEAK = YES;
				CLANG_WARN_BLOCK_CAPTURE_AUTORELEASING = YES;
				CLANG_WARN_BOOL_CONVERSION = YES;
				CLANG_WARN_COMMA = YES;
				CLANG_WARN_CONSTANT_CONVERSION = YES;
				CLANG_WARN_DEPRECATED_OBJC_IMPLEMENTATIONS = YES;
				CLANG_WARN_DIRECT_OBJC_ISA_USAGE = YES_ERROR;
				CLANG_WARN_DOCUMENTATION_COMMENTS = YES;
				CLANG_WARN_EMPTY_BODY = YES;
				CLANG_WARN_ENUM_CONVERSION = YES;
				CLANG_WARN_INFINITE_RECURSION = YES;
				CLANG_WARN_INT_CONVERSION = YES;
				CLANG_WARN_NON_LITERAL_NULL_CONVERSION = YES;
				CLANG_WARN_OBJC_IMPLICIT_RETAIN_SELF = YES;
				CLANG_WARN_OBJC_LITERAL_CONVERSION = YES;
				CLANG_WARN_OBJC_ROOT_CLASS = YES_ERROR;
				CLANG_WARN_QUOTED_INCLUDE_IN_FRAMEWORK_HEADER = YES;
				CLANG_WARN_RANGE_LOOP_ANALYSIS = YES;
				CLANG_WARN_STRICT_PROTOTYPES = YES;
				CLANG_WARN_SUSPICIOUS_MOVE = YES;
				CLANG_WARN_UNGUARDED_AVAILABILITY = YES_AGGRESSIVE;
				CLANG_WARN_UNREACHABLE_CODE = YES;
				CLANG_WARN__DUPLICATE_METHOD_MATCH = YES;
				COPY_PHASE_STRIP = NO;
				DEBUG_INFORMATION_FORMAT = "dwarf-with-dsym";
				ENABLE_NS_ASSERTIONS = NO;
				ENABLE_STRICT_OBJC_MSGSEND = YES;
				GCC_C_LANGUAGE_STANDARD = gnu11;
				GCC_NO_COMMON_BLOCKS = YES;
				GCC_WARN_64_TO_32_BIT_CONVERSION = YES;
				GCC_WARN_ABOUT_RETURN_TYPE = YES_ERROR;
				GCC_WARN_UNDECLARED_SELECTOR = YES;
				GCC_WARN_UNINITIALIZED_AUTOS = YES_AGGRESSIVE;
				GCC_WARN_UNUSED_FUNCTION = YES;
				GCC_WARN_UNUSED_VARIABLE = YES;
				IPHONEOS_DEPLOYMENT_TARGET = 14.5;
				MTL_ENABLE_DEBUG_INFO = NO;
				MTL_FAST_MATH = YES;
				SDKROOT = iphoneos;
				SWIFT_COMPILATION_MODE = wholemodule;
				SWIFT_OPTIMIZATION_LEVEL = "-O";
				VALIDATE_PRODUCT = YES;
			};
			name = Release;
		};
		EC4224F126A688F2009A9E11 /* Debug */ = {
			isa = XCBuildConfiguration;
			baseConfigurationReference = A0304BBE2455330E9B491A24 /* Pods-signit.debug.xcconfig */;
			buildSettings = {
				ASSETCATALOG_COMPILER_APPICON_NAME = AppIcon;
				ASSETCATALOG_COMPILER_GLOBAL_ACCENT_COLOR_NAME = AccentColor;
				CODE_SIGN_STYLE = Automatic;
				DEVELOPMENT_TEAM = PM2865VY34;
				INFOPLIST_FILE = signit/Info.plist;
				LD_RUNPATH_SEARCH_PATHS = (
					"$(inherited)",
					"@executable_path/Frameworks",
				);
				PRODUCT_BUNDLE_IDENTIFIER = online.signit;
				PRODUCT_NAME = "$(TARGET_NAME)";
				SWIFT_VERSION = 5.0;
				TARGETED_DEVICE_FAMILY = "1,2";
			};
			name = Debug;
		};
		EC4224F226A688F2009A9E11 /* Release */ = {
			isa = XCBuildConfiguration;
			baseConfigurationReference = 36482348FE293A0F5BEC310D /* Pods-signit.release.xcconfig */;
			buildSettings = {
				ASSETCATALOG_COMPILER_APPICON_NAME = AppIcon;
				ASSETCATALOG_COMPILER_GLOBAL_ACCENT_COLOR_NAME = AccentColor;
				CODE_SIGN_STYLE = Automatic;
				DEVELOPMENT_TEAM = PM2865VY34;
				INFOPLIST_FILE = signit/Info.plist;
				LD_RUNPATH_SEARCH_PATHS = (
					"$(inherited)",
					"@executable_path/Frameworks",
				);
				PRODUCT_BUNDLE_IDENTIFIER = online.signit;
				PRODUCT_NAME = "$(TARGET_NAME)";
				SWIFT_VERSION = 5.0;
				TARGETED_DEVICE_FAMILY = "1,2";
			};
			name = Release;
		};
/* End XCBuildConfiguration section */

/* Begin XCConfigurationList section */
		EC4224D726A688F1009A9E11 /* Build configuration list for PBXProject "signit" */ = {
			isa = XCConfigurationList;
			buildConfigurations = (
				EC4224EE26A688F2009A9E11 /* Debug */,
				EC4224EF26A688F2009A9E11 /* Release */,
			);
			defaultConfigurationIsVisible = 0;
			defaultConfigurationName = Release;
		};
		EC4224F026A688F2009A9E11 /* Build configuration list for PBXNativeTarget "signit" */ = {
			isa = XCConfigurationList;
			buildConfigurations = (
				EC4224F126A688F2009A9E11 /* Debug */,
				EC4224F226A688F2009A9E11 /* Release */,
			);
			defaultConfigurationIsVisible = 0;
			defaultConfigurationName = Release;
		};
/* End XCConfigurationList section */
	};
	rootObject = EC4224D426A688F1009A9E11 /* Project object */;
}
